// !$*UTF8*$!
{
	archiveVersion = 1;
	classes = {
	};
	objectVersion = 55;
	objects = {

/* Begin PBXBuildFile section */
		2F3D61C82786F38200FFD35B /* AppDelegate.swift in Sources */ = {isa = PBXBuildFile; fileRef = 2F3D61C72786F38200FFD35B /* AppDelegate.swift */; };
		2F3D61CA2786F38200FFD35B /* GameViewController.swift in Sources */ = {isa = PBXBuildFile; fileRef = 2F3D61C92786F38200FFD35B /* GameViewController.swift */; };
		2F3D61CD2786F38200FFD35B /* Main.storyboard in Resources */ = {isa = PBXBuildFile; fileRef = 2F3D61CB2786F38200FFD35B /* Main.storyboard */; };
		2F3D61D02786F38200FFD35B /* LaunchScreen.storyboard in Resources */ = {isa = PBXBuildFile; fileRef = 2F3D61CE2786F38200FFD35B /* LaunchScreen.storyboard */; };
		2F3D61D82786F38200FFD35B /* AppDelegate.swift in Sources */ = {isa = PBXBuildFile; fileRef = 2F3D61D72786F38200FFD35B /* AppDelegate.swift */; };
		2F3D61DA2786F38200FFD35B /* GameViewController.swift in Sources */ = {isa = PBXBuildFile; fileRef = 2F3D61D92786F38200FFD35B /* GameViewController.swift */; };
		2F3D61DD2786F38200FFD35B /* Main.storyboard in Resources */ = {isa = PBXBuildFile; fileRef = 2F3D61DB2786F38200FFD35B /* Main.storyboard */; };
		2F3D61DF2786F38200FFD35B /* Actions.sks in Resources */ = {isa = PBXBuildFile; fileRef = 2F3D61BC2786F37F00FFD35B /* Actions.sks */; };
		2F3D61E02786F38200FFD35B /* Actions.sks in Resources */ = {isa = PBXBuildFile; fileRef = 2F3D61BC2786F37F00FFD35B /* Actions.sks */; };
		2F3D61E12786F38200FFD35B /* GameScene.sks in Resources */ = {isa = PBXBuildFile; fileRef = 2F3D61BD2786F37F00FFD35B /* GameScene.sks */; };
		2F3D61E22786F38200FFD35B /* GameScene.sks in Resources */ = {isa = PBXBuildFile; fileRef = 2F3D61BD2786F37F00FFD35B /* GameScene.sks */; };
		2F3D61E32786F38200FFD35B /* GameScene.swift in Sources */ = {isa = PBXBuildFile; fileRef = 2F3D61BE2786F37F00FFD35B /* GameScene.swift */; };
		2F3D61E42786F38200FFD35B /* GameScene.swift in Sources */ = {isa = PBXBuildFile; fileRef = 2F3D61BE2786F37F00FFD35B /* GameScene.swift */; };
		2F3D61E52786F38200FFD35B /* Assets.xcassets in Resources */ = {isa = PBXBuildFile; fileRef = 2F3D61BF2786F38200FFD35B /* Assets.xcassets */; };
		2F3D61E62786F38200FFD35B /* Assets.xcassets in Resources */ = {isa = PBXBuildFile; fileRef = 2F3D61BF2786F38200FFD35B /* Assets.xcassets */; };
		2F3D61F52786F41400FFD35B /* Useful.swift in Sources */ = {isa = PBXBuildFile; fileRef = 2F3D61EF2786F41300FFD35B /* Useful.swift */; };
		2F3D61F62786F41400FFD35B /* Useful.swift in Sources */ = {isa = PBXBuildFile; fileRef = 2F3D61EF2786F41300FFD35B /* Useful.swift */; };
		2F3D61F72786F41400FFD35B /* ControlComponent.swift in Sources */ = {isa = PBXBuildFile; fileRef = 2F3D61F02786F41300FFD35B /* ControlComponent.swift */; };
		2F3D61F82786F41400FFD35B /* ControlComponent.swift in Sources */ = {isa = PBXBuildFile; fileRef = 2F3D61F02786F41300FFD35B /* ControlComponent.swift */; };
		2F3D61F92786F41400FFD35B /* IntelligenceComponent.swift in Sources */ = {isa = PBXBuildFile; fileRef = 2F3D61F12786F41300FFD35B /* IntelligenceComponent.swift */; };
		2F3D61FA2786F41400FFD35B /* IntelligenceComponent.swift in Sources */ = {isa = PBXBuildFile; fileRef = 2F3D61F12786F41300FFD35B /* IntelligenceComponent.swift */; };
		2F3D61FB2786F41400FFD35B /* VisualComponent.swift in Sources */ = {isa = PBXBuildFile; fileRef = 2F3D61F22786F41300FFD35B /* VisualComponent.swift */; };
		2F3D61FC2786F41400FFD35B /* VisualComponent.swift in Sources */ = {isa = PBXBuildFile; fileRef = 2F3D61F22786F41300FFD35B /* VisualComponent.swift */; };
		2F3D61FD2786F41400FFD35B /* EntitiesScene.swift in Sources */ = {isa = PBXBuildFile; fileRef = 2F3D61F32786F41400FFD35B /* EntitiesScene.swift */; };
		2F3D61FE2786F41400FFD35B /* EntitiesScene.swift in Sources */ = {isa = PBXBuildFile; fileRef = 2F3D61F32786F41400FFD35B /* EntitiesScene.swift */; };
		2F3D61FF2786F41400FFD35B /* AttackComponent.swift in Sources */ = {isa = PBXBuildFile; fileRef = 2F3D61F42786F41400FFD35B /* AttackComponent.swift */; };
		2F3D62002786F41400FFD35B /* AttackComponent.swift in Sources */ = {isa = PBXBuildFile; fileRef = 2F3D61F42786F41400FFD35B /* AttackComponent.swift */; };
		2F3D62022786F46100FFD35B /* BaseScene.swift in Sources */ = {isa = PBXBuildFile; fileRef = 2F3D62012786F46000FFD35B /* BaseScene.swift */; };
		2F3D62032786F46100FFD35B /* BaseScene.swift in Sources */ = {isa = PBXBuildFile; fileRef = 2F3D62012786F46000FFD35B /* BaseScene.swift */; };
		2F3D62052786F5E700FFD35B /* AnalogJoystick.swift in Sources */ = {isa = PBXBuildFile; fileRef = 2F3D62042786F5E600FFD35B /* AnalogJoystick.swift */; };
		2F3D62062786F5E700FFD35B /* AnalogJoystick.swift in Sources */ = {isa = PBXBuildFile; fileRef = 2F3D62042786F5E600FFD35B /* AnalogJoystick.swift */; };
/* End PBXBuildFile section */

/* Begin PBXFileReference section */
		2F3D61BC2786F37F00FFD35B /* Actions.sks */ = {isa = PBXFileReference; lastKnownFileType = file.sks; path = Actions.sks; sourceTree = "<group>"; };
		2F3D61BD2786F37F00FFD35B /* GameScene.sks */ = {isa = PBXFileReference; lastKnownFileType = file.sks; path = GameScene.sks; sourceTree = "<group>"; };
		2F3D61BE2786F37F00FFD35B /* GameScene.swift */ = {isa = PBXFileReference; lastKnownFileType = sourcecode.swift; path = GameScene.swift; sourceTree = "<group>"; };
		2F3D61BF2786F38200FFD35B /* Assets.xcassets */ = {isa = PBXFileReference; lastKnownFileType = folder.assetcatalog; path = Assets.xcassets; sourceTree = "<group>"; };
		2F3D61C42786F38200FFD35B /* gpktopdown.app */ = {isa = PBXFileReference; explicitFileType = wrapper.application; includeInIndex = 0; path = gpktopdown.app; sourceTree = BUILT_PRODUCTS_DIR; };
		2F3D61C72786F38200FFD35B /* AppDelegate.swift */ = {isa = PBXFileReference; lastKnownFileType = sourcecode.swift; path = AppDelegate.swift; sourceTree = "<group>"; };
		2F3D61C92786F38200FFD35B /* GameViewController.swift */ = {isa = PBXFileReference; lastKnownFileType = sourcecode.swift; path = GameViewController.swift; sourceTree = "<group>"; };
		2F3D61CC2786F38200FFD35B /* Base */ = {isa = PBXFileReference; lastKnownFileType = file.storyboard; name = Base; path = Base.lproj/Main.storyboard; sourceTree = "<group>"; };
		2F3D61CF2786F38200FFD35B /* Base */ = {isa = PBXFileReference; lastKnownFileType = file.storyboard; name = Base; path = Base.lproj/LaunchScreen.storyboard; sourceTree = "<group>"; };
		2F3D61D52786F38200FFD35B /* gpktopdown.app */ = {isa = PBXFileReference; explicitFileType = wrapper.application; includeInIndex = 0; path = gpktopdown.app; sourceTree = BUILT_PRODUCTS_DIR; };
		2F3D61D72786F38200FFD35B /* AppDelegate.swift */ = {isa = PBXFileReference; lastKnownFileType = sourcecode.swift; path = AppDelegate.swift; sourceTree = "<group>"; };
		2F3D61D92786F38200FFD35B /* GameViewController.swift */ = {isa = PBXFileReference; lastKnownFileType = sourcecode.swift; path = GameViewController.swift; sourceTree = "<group>"; };
		2F3D61DC2786F38200FFD35B /* Base */ = {isa = PBXFileReference; lastKnownFileType = file.storyboard; name = Base; path = Base.lproj/Main.storyboard; sourceTree = "<group>"; };
		2F3D61DE2786F38200FFD35B /* gpktopdown_macOS.entitlements */ = {isa = PBXFileReference; lastKnownFileType = text.plist.entitlements; path = gpktopdown_macOS.entitlements; sourceTree = "<group>"; };
		2F3D61EF2786F41300FFD35B /* Useful.swift */ = {isa = PBXFileReference; fileEncoding = 4; lastKnownFileType = sourcecode.swift; path = Useful.swift; sourceTree = "<group>"; };
		2F3D61F02786F41300FFD35B /* ControlComponent.swift */ = {isa = PBXFileReference; fileEncoding = 4; lastKnownFileType = sourcecode.swift; path = ControlComponent.swift; sourceTree = "<group>"; };
		2F3D61F12786F41300FFD35B /* IntelligenceComponent.swift */ = {isa = PBXFileReference; fileEncoding = 4; lastKnownFileType = sourcecode.swift; path = IntelligenceComponent.swift; sourceTree = "<group>"; };
		2F3D61F22786F41300FFD35B /* VisualComponent.swift */ = {isa = PBXFileReference; fileEncoding = 4; lastKnownFileType = sourcecode.swift; path = VisualComponent.swift; sourceTree = "<group>"; };
		2F3D61F32786F41400FFD35B /* EntitiesScene.swift */ = {isa = PBXFileReference; fileEncoding = 4; lastKnownFileType = sourcecode.swift; path = EntitiesScene.swift; sourceTree = "<group>"; };
		2F3D61F42786F41400FFD35B /* AttackComponent.swift */ = {isa = PBXFileReference; fileEncoding = 4; lastKnownFileType = sourcecode.swift; path = AttackComponent.swift; sourceTree = "<group>"; };
		2F3D62012786F46000FFD35B /* BaseScene.swift */ = {isa = PBXFileReference; fileEncoding = 4; lastKnownFileType = sourcecode.swift; path = BaseScene.swift; sourceTree = "<group>"; };
		2F3D62042786F5E600FFD35B /* AnalogJoystick.swift */ = {isa = PBXFileReference; fileEncoding = 4; lastKnownFileType = sourcecode.swift; path = AnalogJoystick.swift; sourceTree = "<group>"; };
/* End PBXFileReference section */

/* Begin PBXFrameworksBuildPhase section */
		2F3D61C12786F38200FFD35B /* Frameworks */ = {
			isa = PBXFrameworksBuildPhase;
			buildActionMask = 2147483647;
			files = (
			);
			runOnlyForDeploymentPostprocessing = 0;
		};
		2F3D61D22786F38200FFD35B /* Frameworks */ = {
			isa = PBXFrameworksBuildPhase;
			buildActionMask = 2147483647;
			files = (
			);
			runOnlyForDeploymentPostprocessing = 0;
		};
/* End PBXFrameworksBuildPhase section */

/* Begin PBXGroup section */
		2F3D61B62786F37E00FFD35B = {
			isa = PBXGroup;
			children = (
				2F3D61BB2786F37F00FFD35B /* gpktopdown Shared */,
				2F3D61C62786F38200FFD35B /* gpktopdown iOS */,
				2F3D61D62786F38200FFD35B /* gpktopdown macOS */,
				2F3D61C52786F38200FFD35B /* Products */,
			);
			sourceTree = "<group>";
		};
		2F3D61BB2786F37F00FFD35B /* gpktopdown Shared */ = {
			isa = PBXGroup;
			children = (
				2F3D61BC2786F37F00FFD35B /* Actions.sks */,
				2F3D61BD2786F37F00FFD35B /* GameScene.sks */,
				2F3D61BE2786F37F00FFD35B /* GameScene.swift */,
				2F3D61F42786F41400FFD35B /* AttackComponent.swift */,
				2F3D61F02786F41300FFD35B /* ControlComponent.swift */,
				2F3D62012786F46000FFD35B /* BaseScene.swift */,
				2F3D61F32786F41400FFD35B /* EntitiesScene.swift */,
				2F3D61F12786F41300FFD35B /* IntelligenceComponent.swift */,
				2F3D62042786F5E600FFD35B /* AnalogJoystick.swift */,
				2F3D61EF2786F41300FFD35B /* Useful.swift */,
				2F3D61F22786F41300FFD35B /* VisualComponent.swift */,
				2F3D61BF2786F38200FFD35B /* Assets.xcassets */,
			);
			path = "gpktopdown Shared";
			sourceTree = "<group>";
		};
		2F3D61C52786F38200FFD35B /* Products */ = {
			isa = PBXGroup;
			children = (
				2F3D61C42786F38200FFD35B /* gpktopdown.app */,
				2F3D61D52786F38200FFD35B /* gpktopdown.app */,
			);
			name = Products;
			sourceTree = "<group>";
		};
		2F3D61C62786F38200FFD35B /* gpktopdown iOS */ = {
			isa = PBXGroup;
			children = (
				2F3D61C72786F38200FFD35B /* AppDelegate.swift */,
				2F3D61C92786F38200FFD35B /* GameViewController.swift */,
				2F3D61CB2786F38200FFD35B /* Main.storyboard */,
				2F3D61CE2786F38200FFD35B /* LaunchScreen.storyboard */,
			);
			path = "gpktopdown iOS";
			sourceTree = "<group>";
		};
		2F3D61D62786F38200FFD35B /* gpktopdown macOS */ = {
			isa = PBXGroup;
			children = (
				2F3D61D72786F38200FFD35B /* AppDelegate.swift */,
				2F3D61D92786F38200FFD35B /* GameViewController.swift */,
				2F3D61DB2786F38200FFD35B /* Main.storyboard */,
				2F3D61DE2786F38200FFD35B /* gpktopdown_macOS.entitlements */,
			);
			path = "gpktopdown macOS";
			sourceTree = "<group>";
		};
/* End PBXGroup section */

/* Begin PBXNativeTarget section */
		2F3D61C32786F38200FFD35B /* gpktopdown iOS */ = {
			isa = PBXNativeTarget;
			buildConfigurationList = 2F3D61E92786F38200FFD35B /* Build configuration list for PBXNativeTarget "gpktopdown iOS" */;
			buildPhases = (
				2F3D61C02786F38200FFD35B /* Sources */,
				2F3D61C12786F38200FFD35B /* Frameworks */,
				2F3D61C22786F38200FFD35B /* Resources */,
			);
			buildRules = (
			);
			dependencies = (
			);
			name = "gpktopdown iOS";
			productName = "gpktopdown iOS";
			productReference = 2F3D61C42786F38200FFD35B /* gpktopdown.app */;
			productType = "com.apple.product-type.application";
		};
		2F3D61D42786F38200FFD35B /* gpktopdown macOS */ = {
			isa = PBXNativeTarget;
			buildConfigurationList = 2F3D61EC2786F38200FFD35B /* Build configuration list for PBXNativeTarget "gpktopdown macOS" */;
			buildPhases = (
				2F3D61D12786F38200FFD35B /* Sources */,
				2F3D61D22786F38200FFD35B /* Frameworks */,
				2F3D61D32786F38200FFD35B /* Resources */,
			);
			buildRules = (
			);
			dependencies = (
			);
			name = "gpktopdown macOS";
			productName = "gpktopdown macOS";
			productReference = 2F3D61D52786F38200FFD35B /* gpktopdown.app */;
			productType = "com.apple.product-type.application";
		};
/* End PBXNativeTarget section */

/* Begin PBXProject section */
		2F3D61B72786F37E00FFD35B /* Project object */ = {
			isa = PBXProject;
			attributes = {
				BuildIndependentTargetsInParallel = 1;
				LastSwiftUpdateCheck = 1320;
				LastUpgradeCheck = 1320;
				TargetAttributes = {
					2F3D61C32786F38200FFD35B = {
						CreatedOnToolsVersion = 13.2.1;
					};
					2F3D61D42786F38200FFD35B = {
						CreatedOnToolsVersion = 13.2.1;
					};
				};
			};
			buildConfigurationList = 2F3D61BA2786F37E00FFD35B /* Build configuration list for PBXProject "gpktopdown" */;
			compatibilityVersion = "Xcode 13.0";
			developmentRegion = en;
			hasScannedForEncodings = 0;
			knownRegions = (
				en,
				Base,
			);
			mainGroup = 2F3D61B62786F37E00FFD35B;
			productRefGroup = 2F3D61C52786F38200FFD35B /* Products */;
			projectDirPath = "";
			projectRoot = "";
			targets = (
				2F3D61C32786F38200FFD35B /* gpktopdown iOS */,
				2F3D61D42786F38200FFD35B /* gpktopdown macOS */,
			);
		};
/* End PBXProject section */

/* Begin PBXResourcesBuildPhase section */
		2F3D61C22786F38200FFD35B /* Resources */ = {
			isa = PBXResourcesBuildPhase;
			buildActionMask = 2147483647;
			files = (
				2F3D61E12786F38200FFD35B /* GameScene.sks in Resources */,
				2F3D61CD2786F38200FFD35B /* Main.storyboard in Resources */,
				2F3D61DF2786F38200FFD35B /* Actions.sks in Resources */,
				2F3D61D02786F38200FFD35B /* LaunchScreen.storyboard in Resources */,
				2F3D61E52786F38200FFD35B /* Assets.xcassets in Resources */,
			);
			runOnlyForDeploymentPostprocessing = 0;
		};
		2F3D61D32786F38200FFD35B /* Resources */ = {
			isa = PBXResourcesBuildPhase;
			buildActionMask = 2147483647;
			files = (
				2F3D61DD2786F38200FFD35B /* Main.storyboard in Resources */,
				2F3D61E22786F38200FFD35B /* GameScene.sks in Resources */,
				2F3D61E62786F38200FFD35B /* Assets.xcassets in Resources */,
				2F3D61E02786F38200FFD35B /* Actions.sks in Resources */,
			);
			runOnlyForDeploymentPostprocessing = 0;
		};
/* End PBXResourcesBuildPhase section */

/* Begin PBXSourcesBuildPhase section */
		2F3D61C02786F38200FFD35B /* Sources */ = {
			isa = PBXSourcesBuildPhase;
			buildActionMask = 2147483647;
			files = (
				2F3D61FF2786F41400FFD35B /* AttackComponent.swift in Sources */,
				2F3D61E32786F38200FFD35B /* GameScene.swift in Sources */,
				2F3D61FD2786F41400FFD35B /* EntitiesScene.swift in Sources */,
				2F3D62052786F5E700FFD35B /* AnalogJoystick.swift in Sources */,
				2F3D61CA2786F38200FFD35B /* GameViewController.swift in Sources */,
				2F3D61C82786F38200FFD35B /* AppDelegate.swift in Sources */,
				2F3D61F52786F41400FFD35B /* Useful.swift in Sources */,
				2F3D61FB2786F41400FFD35B /* VisualComponent.swift in Sources */,
				2F3D61F92786F41400FFD35B /* IntelligenceComponent.swift in Sources */,
				2F3D61F72786F41400FFD35B /* ControlComponent.swift in Sources */,
				2F3D62022786F46100FFD35B /* BaseScene.swift in Sources */,
			);
			runOnlyForDeploymentPostprocessing = 0;
		};
		2F3D61D12786F38200FFD35B /* Sources */ = {
			isa = PBXSourcesBuildPhase;
			buildActionMask = 2147483647;
			files = (
				2F3D62002786F41400FFD35B /* AttackComponent.swift in Sources */,
				2F3D61E42786F38200FFD35B /* GameScene.swift in Sources */,
				2F3D61FE2786F41400FFD35B /* EntitiesScene.swift in Sources */,
				2F3D62062786F5E700FFD35B /* AnalogJoystick.swift in Sources */,
				2F3D61DA2786F38200FFD35B /* GameViewController.swift in Sources */,
				2F3D61D82786F38200FFD35B /* AppDelegate.swift in Sources */,
				2F3D61F62786F41400FFD35B /* Useful.swift in Sources */,
				2F3D61FC2786F41400FFD35B /* VisualComponent.swift in Sources */,
				2F3D61FA2786F41400FFD35B /* IntelligenceComponent.swift in Sources */,
				2F3D61F82786F41400FFD35B /* ControlComponent.swift in Sources */,
				2F3D62032786F46100FFD35B /* BaseScene.swift in Sources */,
			);
			runOnlyForDeploymentPostprocessing = 0;
		};
/* End PBXSourcesBuildPhase section */

/* Begin PBXVariantGroup section */
		2F3D61CB2786F38200FFD35B /* Main.storyboard */ = {
			isa = PBXVariantGroup;
			children = (
				2F3D61CC2786F38200FFD35B /* Base */,
			);
			name = Main.storyboard;
			sourceTree = "<group>";
		};
		2F3D61CE2786F38200FFD35B /* LaunchScreen.storyboard */ = {
			isa = PBXVariantGroup;
			children = (
				2F3D61CF2786F38200FFD35B /* Base */,
			);
			name = LaunchScreen.storyboard;
			sourceTree = "<group>";
		};
		2F3D61DB2786F38200FFD35B /* Main.storyboard */ = {
			isa = PBXVariantGroup;
			children = (
				2F3D61DC2786F38200FFD35B /* Base */,
			);
			name = Main.storyboard;
			sourceTree = "<group>";
		};
/* End PBXVariantGroup section */

/* Begin XCBuildConfiguration section */
		2F3D61E72786F38200FFD35B /* Debug */ = {
			isa = XCBuildConfiguration;
			buildSettings = {
				ALWAYS_SEARCH_USER_PATHS = NO;
				CLANG_ANALYZER_NONNULL = YES;
				CLANG_ANALYZER_NUMBER_OBJECT_CONVERSION = YES_AGGRESSIVE;
				CLANG_CXX_LANGUAGE_STANDARD = "gnu++17";
				CLANG_CXX_LIBRARY = "libc++";
				CLANG_ENABLE_MODULES = YES;
				CLANG_ENABLE_OBJC_ARC = YES;
				CLANG_ENABLE_OBJC_WEAK = YES;
				CLANG_WARN_BLOCK_CAPTURE_AUTORELEASING = YES;
				CLANG_WARN_BOOL_CONVERSION = YES;
				CLANG_WARN_COMMA = YES;
				CLANG_WARN_CONSTANT_CONVERSION = YES;
				CLANG_WARN_DEPRECATED_OBJC_IMPLEMENTATIONS = YES;
				CLANG_WARN_DIRECT_OBJC_ISA_USAGE = YES_ERROR;
				CLANG_WARN_DOCUMENTATION_COMMENTS = YES;
				CLANG_WARN_EMPTY_BODY = YES;
				CLANG_WARN_ENUM_CONVERSION = YES;
				CLANG_WARN_INFINITE_RECURSION = YES;
				CLANG_WARN_INT_CONVERSION = YES;
				CLANG_WARN_NON_LITERAL_NULL_CONVERSION = YES;
				CLANG_WARN_OBJC_IMPLICIT_RETAIN_SELF = YES;
				CLANG_WARN_OBJC_LITERAL_CONVERSION = YES;
				CLANG_WARN_OBJC_ROOT_CLASS = YES_ERROR;
				CLANG_WARN_QUOTED_INCLUDE_IN_FRAMEWORK_HEADER = YES;
				CLANG_WARN_RANGE_LOOP_ANALYSIS = YES;
				CLANG_WARN_STRICT_PROTOTYPES = YES;
				CLANG_WARN_SUSPICIOUS_MOVE = YES;
				CLANG_WARN_UNGUARDED_AVAILABILITY = YES_AGGRESSIVE;
				CLANG_WARN_UNREACHABLE_CODE = YES;
				CLANG_WARN__DUPLICATE_METHOD_MATCH = YES;
				COPY_PHASE_STRIP = NO;
				DEBUG_INFORMATION_FORMAT = dwarf;
				ENABLE_STRICT_OBJC_MSGSEND = YES;
				ENABLE_TESTABILITY = YES;
				GCC_C_LANGUAGE_STANDARD = gnu11;
				GCC_DYNAMIC_NO_PIC = NO;
				GCC_NO_COMMON_BLOCKS = YES;
				GCC_OPTIMIZATION_LEVEL = 0;
				GCC_PREPROCESSOR_DEFINITIONS = (
					"DEBUG=1",
					"$(inherited)",
				);
				GCC_WARN_64_TO_32_BIT_CONVERSION = YES;
				GCC_WARN_ABOUT_RETURN_TYPE = YES_ERROR;
				GCC_WARN_UNDECLARED_SELECTOR = YES;
				GCC_WARN_UNINITIALIZED_AUTOS = YES_AGGRESSIVE;
				GCC_WARN_UNUSED_FUNCTION = YES;
				GCC_WARN_UNUSED_VARIABLE = YES;
				MTL_ENABLE_DEBUG_INFO = INCLUDE_SOURCE;
				MTL_FAST_MATH = YES;
				ONLY_ACTIVE_ARCH = YES;
				SWIFT_ACTIVE_COMPILATION_CONDITIONS = DEBUG;
				SWIFT_OPTIMIZATION_LEVEL = "-Onone";
			};
			name = Debug;
		};
		2F3D61E82786F38200FFD35B /* Release */ = {
			isa = XCBuildConfiguration;
			buildSettings = {
				ALWAYS_SEARCH_USER_PATHS = NO;
				CLANG_ANALYZER_NONNULL = YES;
				CLANG_ANALYZER_NUMBER_OBJECT_CONVERSION = YES_AGGRESSIVE;
				CLANG_CXX_LANGUAGE_STANDARD = "gnu++17";
				CLANG_CXX_LIBRARY = "libc++";
				CLANG_ENABLE_MODULES = YES;
				CLANG_ENABLE_OBJC_ARC = YES;
				CLANG_ENABLE_OBJC_WEAK = YES;
				CLANG_WARN_BLOCK_CAPTURE_AUTORELEASING = YES;
				CLANG_WARN_BOOL_CONVERSION = YES;
				CLANG_WARN_COMMA = YES;
				CLANG_WARN_CONSTANT_CONVERSION = YES;
				CLANG_WARN_DEPRECATED_OBJC_IMPLEMENTATIONS = YES;
				CLANG_WARN_DIRECT_OBJC_ISA_USAGE = YES_ERROR;
				CLANG_WARN_DOCUMENTATION_COMMENTS = YES;
				CLANG_WARN_EMPTY_BODY = YES;
				CLANG_WARN_ENUM_CONVERSION = YES;
				CLANG_WARN_INFINITE_RECURSION = YES;
				CLANG_WARN_INT_CONVERSION = YES;
				CLANG_WARN_NON_LITERAL_NULL_CONVERSION = YES;
				CLANG_WARN_OBJC_IMPLICIT_RETAIN_SELF = YES;
				CLANG_WARN_OBJC_LITERAL_CONVERSION = YES;
				CLANG_WARN_OBJC_ROOT_CLASS = YES_ERROR;
				CLANG_WARN_QUOTED_INCLUDE_IN_FRAMEWORK_HEADER = YES;
				CLANG_WARN_RANGE_LOOP_ANALYSIS = YES;
				CLANG_WARN_STRICT_PROTOTYPES = YES;
				CLANG_WARN_SUSPICIOUS_MOVE = YES;
				CLANG_WARN_UNGUARDED_AVAILABILITY = YES_AGGRESSIVE;
				CLANG_WARN_UNREACHABLE_CODE = YES;
				CLANG_WARN__DUPLICATE_METHOD_MATCH = YES;
				COPY_PHASE_STRIP = NO;
				DEBUG_INFORMATION_FORMAT = "dwarf-with-dsym";
				ENABLE_NS_ASSERTIONS = NO;
				ENABLE_STRICT_OBJC_MSGSEND = YES;
				GCC_C_LANGUAGE_STANDARD = gnu11;
				GCC_NO_COMMON_BLOCKS = YES;
				GCC_WARN_64_TO_32_BIT_CONVERSION = YES;
				GCC_WARN_ABOUT_RETURN_TYPE = YES_ERROR;
				GCC_WARN_UNDECLARED_SELECTOR = YES;
				GCC_WARN_UNINITIALIZED_AUTOS = YES_AGGRESSIVE;
				GCC_WARN_UNUSED_FUNCTION = YES;
				GCC_WARN_UNUSED_VARIABLE = YES;
				MTL_ENABLE_DEBUG_INFO = NO;
				MTL_FAST_MATH = YES;
				SWIFT_COMPILATION_MODE = wholemodule;
				SWIFT_OPTIMIZATION_LEVEL = "-O";
			};
			name = Release;
		};
		2F3D61EA2786F38200FFD35B /* Debug */ = {
			isa = XCBuildConfiguration;
			buildSettings = {
				ASSETCATALOG_COMPILER_APPICON_NAME = AppIcon;
				ASSETCATALOG_COMPILER_GLOBAL_ACCENT_COLOR_NAME = AccentColor;
				CODE_SIGN_STYLE = Automatic;
				CURRENT_PROJECT_VERSION = 1;
				DEVELOPMENT_TEAM = RFQY6T2L4D;
				GENERATE_INFOPLIST_FILE = YES;
				INFOPLIST_KEY_UIApplicationSupportsIndirectInputEvents = YES;
				INFOPLIST_KEY_UILaunchStoryboardName = LaunchScreen;
				INFOPLIST_KEY_UIMainStoryboardFile = Main;
				INFOPLIST_KEY_UIStatusBarHidden = YES;
				INFOPLIST_KEY_UISupportedInterfaceOrientations_iPad = "UIInterfaceOrientationPortrait UIInterfaceOrientationPortraitUpsideDown UIInterfaceOrientationLandscapeLeft UIInterfaceOrientationLandscapeRight";
				INFOPLIST_KEY_UISupportedInterfaceOrientations_iPhone = "UIInterfaceOrientationPortrait UIInterfaceOrientationLandscapeLeft UIInterfaceOrientationLandscapeRight";
				IPHONEOS_DEPLOYMENT_TARGET = 15.2;
				LD_RUNPATH_SEARCH_PATHS = (
					"$(inherited)",
					"@executable_path/Frameworks",
				);
				MARKETING_VERSION = 1.0;
				PRODUCT_BUNDLE_IDENTIFIER = xyz.liwatec.project.gpktopdown;
				PRODUCT_NAME = gpktopdown;
				SDKROOT = iphoneos;
				SWIFT_EMIT_LOC_STRINGS = YES;
				SWIFT_VERSION = 5.0;
				TARGETED_DEVICE_FAMILY = "1,2";
			};
			name = Debug;
		};
		2F3D61EB2786F38200FFD35B /* Release */ = {
			isa = XCBuildConfiguration;
			buildSettings = {
				ASSETCATALOG_COMPILER_APPICON_NAME = AppIcon;
				ASSETCATALOG_COMPILER_GLOBAL_ACCENT_COLOR_NAME = AccentColor;
				CODE_SIGN_STYLE = Automatic;
				CURRENT_PROJECT_VERSION = 1;
				DEVELOPMENT_TEAM = RFQY6T2L4D;
				GENERATE_INFOPLIST_FILE = YES;
				INFOPLIST_KEY_UIApplicationSupportsIndirectInputEvents = YES;
				INFOPLIST_KEY_UILaunchStoryboardName = LaunchScreen;
				INFOPLIST_KEY_UIMainStoryboardFile = Main;
				INFOPLIST_KEY_UIStatusBarHidden = YES;
				INFOPLIST_KEY_UISupportedInterfaceOrientations_iPad = "UIInterfaceOrientationPortrait UIInterfaceOrientationPortraitUpsideDown UIInterfaceOrientationLandscapeLeft UIInterfaceOrientationLandscapeRight";
				INFOPLIST_KEY_UISupportedInterfaceOrientations_iPhone = "UIInterfaceOrientationPortrait UIInterfaceOrientationLandscapeLeft UIInterfaceOrientationLandscapeRight";
				IPHONEOS_DEPLOYMENT_TARGET = 15.2;
				LD_RUNPATH_SEARCH_PATHS = (
					"$(inherited)",
					"@executable_path/Frameworks",
				);
				MARKETING_VERSION = 1.0;
				PRODUCT_BUNDLE_IDENTIFIER = xyz.liwatec.project.gpktopdown;
				PRODUCT_NAME = gpktopdown;
				SDKROOT = iphoneos;
				SWIFT_EMIT_LOC_STRINGS = YES;
				SWIFT_VERSION = 5.0;
				TARGETED_DEVICE_FAMILY = "1,2";
				VALIDATE_PRODUCT = YES;
			};
			name = Release;
		};
		2F3D61ED2786F38200FFD35B /* Debug */ = {
			isa = XCBuildConfiguration;
			buildSettings = {
				ASSETCATALOG_COMPILER_APPICON_NAME = AppIcon;
				ASSETCATALOG_COMPILER_GLOBAL_ACCENT_COLOR_NAME = AccentColor;
				CODE_SIGN_ENTITLEMENTS = "gpktopdown macOS/gpktopdown_macOS.entitlements";
				CODE_SIGN_STYLE = Automatic;
				COMBINE_HIDPI_IMAGES = YES;
				CURRENT_PROJECT_VERSION = 1;
				DEVELOPMENT_TEAM = RFQY6T2L4D;
				ENABLE_HARDENED_RUNTIME = YES;
				GENERATE_INFOPLIST_FILE = YES;
				INFOPLIST_KEY_NSHumanReadableCopyright = "";
				INFOPLIST_KEY_NSMainStoryboardFile = Main;
				INFOPLIST_KEY_NSPrincipalClass = NSApplication;
				LD_RUNPATH_SEARCH_PATHS = (
					"$(inherited)",
					"@executable_path/../Frameworks",
				);
				MACOSX_DEPLOYMENT_TARGET = 12.1;
				MARKETING_VERSION = 1.0;
				PRODUCT_BUNDLE_IDENTIFIER = xyz.liwatec.project.gpktopdown;
				PRODUCT_NAME = gpktopdown;
				SDKROOT = macosx;
				SWIFT_EMIT_LOC_STRINGS = YES;
				SWIFT_VERSION = 5.0;
			};
			name = Debug;
		};
		2F3D61EE2786F38200FFD35B /* Release */ = {
			isa = XCBuildConfiguration;
			buildSettings = {
				ASSETCATALOG_COMPILER_APPICON_NAME = AppIcon;
				ASSETCATALOG_COMPILER_GLOBAL_ACCENT_COLOR_NAME = AccentColor;
				CODE_SIGN_ENTITLEMENTS = "gpktopdown macOS/gpktopdown_macOS.entitlements";
				CODE_SIGN_STYLE = Automatic;
				COMBINE_HIDPI_IMAGES = YES;
				CURRENT_PROJECT_VERSION = 1;
				DEVELOPMENT_TEAM = RFQY6T2L4D;
				ENABLE_HARDENED_RUNTIME = YES;
				GENERATE_INFOPLIST_FILE = YES;
				INFOPLIST_KEY_NSHumanReadableCopyright = "";
				INFOPLIST_KEY_NSMainStoryboardFile = Main;
				INFOPLIST_KEY_NSPrincipalClass = NSApplication;
				LD_RUNPATH_SEARCH_PATHS = (
					"$(inherited)",
					"@executable_path/../Frameworks",
				);
				MACOSX_DEPLOYMENT_TARGET = 12.1;
				MARKETING_VERSION = 1.0;
				PRODUCT_BUNDLE_IDENTIFIER = xyz.liwatec.project.gpktopdown;
				PRODUCT_NAME = gpktopdown;
				SDKROOT = macosx;
				SWIFT_EMIT_LOC_STRINGS = YES;
				SWIFT_VERSION = 5.0;
			};
			name = Release;
		};
/* End XCBuildConfiguration section */

/* Begin XCConfigurationList section */
		2F3D61BA2786F37E00FFD35B /* Build configuration list for PBXProject "gpktopdown" */ = {
			isa = XCConfigurationList;
			buildConfigurations = (
				2F3D61E72786F38200FFD35B /* Debug */,
				2F3D61E82786F38200FFD35B /* Release */,
			);
			defaultConfigurationIsVisible = 0;
			defaultConfigurationName = Release;
		};
		2F3D61E92786F38200FFD35B /* Build configuration list for PBXNativeTarget "gpktopdown iOS" */ = {
			isa = XCConfigurationList;
			buildConfigurations = (
				2F3D61EA2786F38200FFD35B /* Debug */,
				2F3D61EB2786F38200FFD35B /* Release */,
			);
			defaultConfigurationIsVisible = 0;
			defaultConfigurationName = Release;
		};
		2F3D61EC2786F38200FFD35B /* Build configuration list for PBXNativeTarget "gpktopdown macOS" */ = {
			isa = XCConfigurationList;
			buildConfigurations = (
				2F3D61ED2786F38200FFD35B /* Debug */,
				2F3D61EE2786F38200FFD35B /* Release */,
			);
			defaultConfigurationIsVisible = 0;
			defaultConfigurationName = Release;
		};
/* End XCConfigurationList section */
	};
	rootObject = 2F3D61B72786F37E00FFD35B /* Project object */;
}
